<?xml version="1.0" encoding="utf-8"?>
<Project ToolsVersion="4.0" xmlns="http://schemas.microsoft.com/developer/msbuild/2003">
  <ItemGroup>
    <Filter Include="源文件">
      <UniqueIdentifier>{4FC737F1-C7A5-4376-A066-2A32D752A2FF}</UniqueIdentifier>
      <Extensions>cpp;c;cc;cxx;def;odl;idl;hpj;bat;asm;asmx</Extensions>
    </Filter>
    <Filter Include="头文件">
      <UniqueIdentifier>{93995380-89BD-4b04-88EB-625FBE52EBFB}</UniqueIdentifier>
      <Extensions>h;hh;hpp;hxx;hm;inl;inc;ipp;xsd</Extensions>
    </Filter>
    <Filter Include="资源文件">
      <UniqueIdentifier>{67DA6AB6-F800-4c08-8B7A-83BB121AAD01}</UniqueIdentifier>
      <Extensions>rc;ico;cur;bmp;dlg;rc2;rct;bin;rgs;gif;jpg;jpeg;jpe;resx;tiff;tif;png;wav;mfcribbon-ms</Extensions>
    </Filter>
    <Filter Include="Be">
      <UniqueIdentifier>{c9523ffc-003e-467a-a694-6126e1f6e6db}</UniqueIdentifier>
    </Filter>
    <Filter Include="capstone">
      <UniqueIdentifier>{25e1fa36-711b-4d0a-97ab-922f42d8c7aa}</UniqueIdentifier>
    </Filter>
  </ItemGroup>
  <ItemGroup>
    <ClInclude Include="Main.h">
      <Filter>头文件</Filter>
    </ClInclude>
    <ClInclude Include="MainDlg.h">
      <Filter>头文件</Filter>
    </ClInclude>
    <ClInclude Include="framework.h">
      <Filter>头文件</Filter>
    </ClInclude>
    <ClInclude Include="pch.h">
      <Filter>头文件</Filter>
    </ClInclude>
    <ClInclude Include="resource.h">
      <Filter>头文件</Filter>
    </ClInclude>
    <ClInclude Include="TabSheet.h">
      <Filter>头文件</Filter>
    </ClInclude>
    <ClInclude Include="targetver.h">
      <Filter>头文件</Filter>
    </ClInclude>
    <ClInclude Include="Common.h">
      <Filter>头文件</Filter>
    </ClInclude>
    <ClInclude Include="ListProcess.h">
      <Filter>头文件</Filter>
    </ClInclude>
    <ClInclude Include="ProcessDlg.h">
      <Filter>头文件</Filter>
    </ClInclude>
    <ClInclude Include="CLoadDriver.h">
      <Filter>头文件</Filter>
    </ClInclude>
    <ClInclude Include="Function.h">
      <Filter>头文件</Filter>
    </ClInclude>
    <ClInclude Include="CommonFunctions.h">
      <Filter>头文件</Filter>
    </ClInclude>
    <ClInclude Include="SortListCtrl.h">
      <Filter>头文件</Filter>
    </ClInclude>
    <ClInclude Include="DriverDlg.h">
      <Filter>头文件</Filter>
    </ClInclude>
    <ClInclude Include="ListDrivers.h">
      <Filter>头文件</Filter>
    </ClInclude>
    <ClInclude Include="Registry.h">
      <Filter>头文件</Filter>
    </ClInclude>
    <ClInclude Include="ProcessInfoDlg.h">
      <Filter>头文件</Filter>
    </ClInclude>
    <ClInclude Include="ListThreadDlg.h">
      <Filter>头文件</Filter>
    </ClInclude>
    <ClInclude Include="CListVadDlg.h">
      <Filter>头文件</Filter>
    </ClInclude>
    <ClInclude Include="ListThreads.h">
      <Filter>头文件</Filter>
    </ClInclude>
    <ClInclude Include="ListModules.h">
      <Filter>头文件</Filter>
    </ClInclude>
    <ClInclude Include="CListVadInfo.h">
      <Filter>头文件</Filter>
    </ClInclude>
    <ClInclude Include="ListModuleDlg.h">
      <Filter>头文件</Filter>
    </ClInclude>
    <ClInclude Include="ListMemoryDlg.h">
      <Filter>头文件</Filter>
    </ClInclude>
    <ClInclude Include="ListMemory.h">
      <Filter>头文件</Filter>
    </ClInclude>
    <ClInclude Include="ListHanleDlg.h">
      <Filter>头文件</Filter>
    </ClInclude>
    <ClInclude Include="ListHandles.h">
      <Filter>头文件</Filter>
    </ClInclude>
    <ClInclude Include="CListTokenDlg.h">
      <Filter>头文件</Filter>
    </ClInclude>
    <ClInclude Include="ChangeProtectionDlg.h">
      <Filter>头文件</Filter>
    </ClInclude>
    <ClInclude Include="ChangeVadProtectionDlg.h">
      <Filter>头文件</Filter>
    </ClInclude>
    <ClInclude Include="CAllocateMemoryDlg.h">
      <Filter>头文件</Filter>
    </ClInclude>
    <ClInclude Include="CallDlg.h">
      <Filter>头文件</Filter>
    </ClInclude>
    <ClInclude Include="CApcDlg.h">
      <Filter>头文件</Filter>
    </ClInclude>
    <ClInclude Include="APC.h">
      <Filter>头文件</Filter>
    </ClInclude>
    <ClInclude Include="CExternDlg.h">
      <Filter>头文件</Filter>
    </ClInclude>
    <ClInclude Include="ExternTool.h">
      <Filter>头文件</Filter>
    </ClInclude>
    <ClInclude Include="ListWindowDlg.h">
      <Filter>头文件</Filter>
    </ClInclude>
    <ClInclude Include="CListProcessHook.h">
      <Filter>头文件</Filter>
    </ClInclude>
    <ClInclude Include="Includes\basic_types.h">
      <Filter>Be</Filter>
    </ClInclude>
    <ClInclude Include="Includes\BeaEngine.h">
      <Filter>Be</Filter>
    </ClInclude>
    <ClInclude Include="Includes\BeFunc.h">
      <Filter>Be</Filter>
    </ClInclude>
    <ClInclude Include="Includes\export.h">
      <Filter>Be</Filter>
    </ClInclude>
    <ClInclude Include="capstone\capstone.h">
      <Filter>capstone</Filter>
    </ClInclude>
    <ClInclude Include="CListCallBackDlg.h">
      <Filter>头文件</Filter>
    </ClInclude>
    <ClInclude Include="CallBack.h">
      <Filter>头文件</Filter>
    </ClInclude>
  </ItemGroup>
  <ItemGroup>
    <ClCompile Include="Main.cpp">
      <Filter>源文件</Filter>
    </ClCompile>
    <ClCompile Include="MainDlg.cpp">
      <Filter>源文件</Filter>
    </ClCompile>
    <ClCompile Include="pch.cpp">
      <Filter>源文件</Filter>
    </ClCompile>
    <ClCompile Include="TabSheet.cpp">
      <Filter>源文件</Filter>
    </ClCompile>
    <ClCompile Include="ListProcess.cpp">
      <Filter>源文件</Filter>
    </ClCompile>
    <ClCompile Include="ProcessDlg.cpp">
      <Filter>源文件</Filter>
    </ClCompile>
    <ClCompile Include="CLoadDriver.cpp">
      <Filter>源文件</Filter>
    </ClCompile>
    <ClCompile Include="Function.cpp">
      <Filter>源文件</Filter>
    </ClCompile>
    <ClCompile Include="CommonFunctions.cpp">
      <Filter>源文件</Filter>
    </ClCompile>
    <ClCompile Include="SortListCtrl.cpp">
      <Filter>源文件</Filter>
    </ClCompile>
    <ClCompile Include="DriverDlg.cpp">
      <Filter>源文件</Filter>
    </ClCompile>
    <ClCompile Include="ListDrivers.cpp">
      <Filter>源文件</Filter>
    </ClCompile>
    <ClCompile Include="Registry.cpp">
      <Filter>源文件</Filter>
    </ClCompile>
    <ClCompile Include="ProcessInfoDlg.cpp">
      <Filter>源文件</Filter>
    </ClCompile>
    <ClCompile Include="ListThreadDlg.cpp">
      <Filter>源文件</Filter>
    </ClCompile>
    <ClCompile Include="CListVadDlg.cpp">
      <Filter>源文件</Filter>
    </ClCompile>
    <ClCompile Include="ListThreads.cpp">
      <Filter>源文件</Filter>
    </ClCompile>
    <ClCompile Include="ListModules.cpp">
      <Filter>源文件</Filter>
    </ClCompile>
    <ClCompile Include="CListVadInfo.cpp">
      <Filter>源文件</Filter>
    </ClCompile>
    <ClCompile Include="ListModuleDlg.cpp">
      <Filter>源文件</Filter>
    </ClCompile>
    <ClCompile Include="ListMemoryDlg.cpp">
      <Filter>源文件</Filter>
    </ClCompile>
    <ClCompile Include="ListMemory.cpp">
      <Filter>源文件</Filter>
    </ClCompile>
    <ClCompile Include="ListHanleDlg.cpp">
      <Filter>源文件</Filter>
    </ClCompile>
    <ClCompile Include="ListHandles.cpp">
      <Filter>源文件</Filter>
    </ClCompile>
    <ClCompile Include="CListTokenDlg.cpp">
      <Filter>源文件</Filter>
    </ClCompile>
    <ClCompile Include="ChangeProtectionDlg.cpp">
      <Filter>源文件</Filter>
    </ClCompile>
    <ClCompile Include="ChangeVadProtectionDlg.cpp">
      <Filter>源文件</Filter>
    </ClCompile>
    <ClCompile Include="CAllocateMemoryDlg.cpp">
      <Filter>源文件</Filter>
    </ClCompile>
    <ClCompile Include="CallDlg.cpp">
      <Filter>源文件</Filter>
    </ClCompile>
    <ClCompile Include="CApcDlg.cpp">
      <Filter>源文件</Filter>
    </ClCompile>
    <ClCompile Include="APC.cpp">
      <Filter>源文件</Filter>
    </ClCompile>
    <ClCompile Include="CExternDlg.cpp">
      <Filter>源文件</Filter>
    </ClCompile>
    <ClCompile Include="ExternTool.cpp">
      <Filter>源文件</Filter>
    </ClCompile>
    <ClCompile Include="ListWindowDlg.cpp">
      <Filter>源文件</Filter>
    </ClCompile>
    <ClCompile Include="CListProcessHook.cpp">
      <Filter>源文件</Filter>
    </ClCompile>
    <ClCompile Include="Includes\BeFunc.cpp">
      <Filter>Be</Filter>
    </ClCompile>
    <ClCompile Include="CListCallBackDlg.cpp">
      <Filter>源文件</Filter>
    </ClCompile>
    <ClCompile Include="CallBack.cpp">
      <Filter>源文件</Filter>
    </ClCompile>
  </ItemGroup>
  <ItemGroup>
    <ResourceCompile Include="Main.rc">
      <Filter>资源文件</Filter>
    </ResourceCompile>
  </ItemGroup>
  <ItemGroup>
    <None Include="res\Main.rc2">
      <Filter>资源文件</Filter>
    </None>
    <None Include="res\idr_proc.bin">
      <Filter>资源文件</Filter>
    </None>
    <None Include="res\bin00001.bin">
      <Filter>资源文件</Filter>
    </None>
  </ItemGroup>
  <ItemGroup>
    <Image Include="res\Main.ico">
      <Filter>资源文件</Filter>
    </Image>
  </ItemGroup>
  <ItemGroup>
    <Library Include="Includes\BeaEngine.lib">
      <Filter>Be</Filter>
    </Library>
    <Library Include="capstone\capstone.lib">
      <Filter>capstone</Filter>
    </Library>
  </ItemGroup>
</Project>